
Microsoft Visual Studio Solution File, Format Version 12.00
# Visual Studio Version 17
VisualStudioVersion = 17.11.35327.3
MinimumVisualStudioVersion = 10.0.40219.1
Project("{2150E333-8FDC-42A3-9474-1A3956D46DE8}") = "Src", "Src", "{2A70429C-3396-4723-8E25-F5950C3AB3C8}"
EndProject
Project("{2150E333-8FDC-42A3-9474-1A3956D46DE8}") = "Tests", "Tests", "{7BC2965C-7D1C-43C2-AD2B-1AD1B7B69B47}"
EndProject
Project("{2150E333-8FDC-42A3-9474-1A3956D46DE8}") = "Core", "Core", "{E6BFBA5E-B429-4F40-8BAB-67C8F25BB900}"
EndProject
Project("{FAE04EC0-301F-11D3-BF4B-00C04F79EFBC}") = "Template.Application", "Src\Core\Template.Application\Template.Application.csproj", "{8999AD90-6CD2-4E7A-BB78-AA55C6296871}"
EndProject
Project("{2150E333-8FDC-42A3-9474-1A3956D46DE8}") = "Infrastructure", "Infrastructure", "{2B21A206-EC75-4458-9A20-0A9A503DC705}"
EndProject
Project("{FAE04EC0-301F-11D3-BF4B-00C04F79EFBC}") = "Template.Infrastructure.Resources", "Src\Infrastructure\Template.Infrastructure.Resources\Template.Infrastructure.Resources.csproj", "{4F40580A-1F7F-4C4A-A6AA-C3166A98F2FC}"
EndProject
Project("{FAE04EC0-301F-11D3-BF4B-00C04F79EFBC}") = "Template.Infrastructure.Persistence", "Src\Infrastructure\Template.Infrastructure.Persistence\Template.Infrastructure.Persistence.csproj", "{4EAF6194-CE31-4F44-8AEA-68D457B2D8DA}"
EndProject
Project("{FAE04EC0-301F-11D3-BF4B-00C04F79EFBC}") = "Template.Infrastructure.Identity", "Src\Infrastructure\Template.Infrastructure.Identity\Template.Infrastructure.Identity.csproj", "{28259943-FB08-4F71-89E0-A84E1ACE4643}"
EndProject
Project("{2150E333-8FDC-42A3-9474-1A3956D46DE8}") = "Presentation", "Presentation", "{7228A599-2958-4539-B7B3-ABCB5F0C172F}"
EndProject
Project("{FAE04EC0-301F-11D3-BF4B-00C04F79EFBC}") = "Template.WebApi", "Src\Presentation\Template.WebApi\Template.WebApi.csproj", "{175DA46B-F1B1-4A41-8C6C-7FBF73232CC8}"
EndProject
Project("{FAE04EC0-301F-11D3-BF4B-00C04F79EFBC}") = "Template.Domain", "Src\Core\Template.Domain\Template.Domain.csproj", "{F56B3A95-2148-4942-99AC-74E71C05AB4C}"
EndProject
Project("{FAE04EC0-301F-11D3-BF4B-00C04F79EFBC}") = "Template.UnitTests", "Tests\Template.UnitTests\Template.UnitTests.csproj", "{CACD0FD5-944D-4925-9F1B-0126E7F2F234}"
EndProject
Project("{FAE04EC0-301F-11D3-BF4B-00C04F79EFBC}") = "Template.FunctionalTests", "Tests\Template.FunctionalTests\Template.FunctionalTests.csproj", "{58E02FF5-4CA8-4608-9EAF-E48A427E2463}"
EndProject
Global
	GlobalSection(SolutionConfigurationPlatforms) = preSolution
		Debug|Any CPU = Debug|Any CPU
		Release|Any CPU = Release|Any CPU
	EndGlobalSection
	GlobalSection(ProjectConfigurationPlatforms) = postSolution
		{8999AD90-6CD2-4E7A-BB78-AA55C6296871}.Debug|Any CPU.ActiveCfg = Debug|Any CPU
		{8999AD90-6CD2-4E7A-BB78-AA55C6296871}.Debug|Any CPU.Build.0 = Debug|Any CPU
		{8999AD90-6CD2-4E7A-BB78-AA55C6296871}.Release|Any CPU.ActiveCfg = Release|Any CPU
		{8999AD90-6CD2-4E7A-BB78-AA55C6296871}.Release|Any CPU.Build.0 = Release|Any CPU
		{4F40580A-1F7F-4C4A-A6AA-C3166A98F2FC}.Debug|Any CPU.ActiveCfg = Debug|Any CPU
		{4F40580A-1F7F-4C4A-A6AA-C3166A98F2FC}.Debug|Any CPU.Build.0 = Debug|Any CPU
		{4F40580A-1F7F-4C4A-A6AA-C3166A98F2FC}.Release|Any CPU.ActiveCfg = Release|Any CPU
		{4F40580A-1F7F-4C4A-A6AA-C3166A98F2FC}.Release|Any CPU.Build.0 = Release|Any CPU
		{4EAF6194-CE31-4F44-8AEA-68D457B2D8DA}.Debug|Any CPU.ActiveCfg = Debug|Any CPU
		{4EAF6194-CE31-4F44-8AEA-68D457B2D8DA}.Debug|Any CPU.Build.0 = Debug|Any CPU
		{4EAF6194-CE31-4F44-8AEA-68D457B2D8DA}.Release|Any CPU.ActiveCfg = Release|Any CPU
		{4EAF6194-CE31-4F44-8AEA-68D457B2D8DA}.Release|Any CPU.Build.0 = Release|Any CPU
		{28259943-FB08-4F71-89E0-A84E1ACE4643}.Debug|Any CPU.ActiveCfg = Debug|Any CPU
		{28259943-FB08-4F71-89E0-A84E1ACE4643}.Debug|Any CPU.Build.0 = Debug|Any CPU
		{28259943-FB08-4F71-89E0-A84E1ACE4643}.Release|Any CPU.ActiveCfg = Release|Any CPU
		{28259943-FB08-4F71-89E0-A84E1ACE4643}.Release|Any CPU.Build.0 = Release|Any CPU
		{175DA46B-F1B1-4A41-8C6C-7FBF73232CC8}.Debug|Any CPU.ActiveCfg = Debug|Any CPU
		{175DA46B-F1B1-4A41-8C6C-7FBF73232CC8}.Debug|Any CPU.Build.0 = Debug|Any CPU
		{175DA46B-F1B1-4A41-8C6C-7FBF73232CC8}.Release|Any CPU.ActiveCfg = Release|Any CPU
		{175DA46B-F1B1-4A41-8C6C-7FBF73232CC8}.Release|Any CPU.Build.0 = Release|Any CPU
		{F56B3A95-2148-4942-99AC-74E71C05AB4C}.Debug|Any CPU.ActiveCfg = Debug|Any CPU
		{F56B3A95-2148-4942-99AC-74E71C05AB4C}.Debug|Any CPU.Build.0 = Debug|Any CPU
		{F56B3A95-2148-4942-99AC-74E71C05AB4C}.Release|Any CPU.ActiveCfg = Release|Any CPU
		{F56B3A95-2148-4942-99AC-74E71C05AB4C}.Release|Any CPU.Build.0 = Release|Any CPU
		{CACD0FD5-944D-4925-9F1B-0126E7F2F234}.Debug|Any CPU.ActiveCfg = Debug|Any CPU
		{CACD0FD5-944D-4925-9F1B-0126E7F2F234}.Debug|Any CPU.Build.0 = Debug|Any CPU
		{CACD0FD5-944D-4925-9F1B-0126E7F2F234}.Release|Any CPU.ActiveCfg = Release|Any CPU
		{CACD0FD5-944D-4925-9F1B-0126E7F2F234}.Release|Any CPU.Build.0 = Release|Any CPU
		{58E02FF5-4CA8-4608-9EAF-E48A427E2463}.Debug|Any CPU.ActiveCfg = Debug|Any CPU
		{58E02FF5-4CA8-4608-9EAF-E48A427E2463}.Debug|Any CPU.Build.0 = Debug|Any CPU
		{58E02FF5-4CA8-4608-9EAF-E48A427E2463}.Release|Any CPU.ActiveCfg = Release|Any CPU
		{58E02FF5-4CA8-4608-9EAF-E48A427E2463}.Release|Any CPU.Build.0 = Release|Any CPU
	EndGlobalSection
	GlobalSection(SolutionProperties) = preSolution
		HideSolutionNode = FALSE
	EndGlobalSection
	GlobalSection(NestedProjects) = preSolution
		{E6BFBA5E-B429-4F40-8BAB-67C8F25BB900} = {2A70429C-3396-4723-8E25-F5950C3AB3C8}
		{8999AD90-6CD2-4E7A-BB78-AA55C6296871} = {E6BFBA5E-B429-4F40-8BAB-67C8F25BB900}
		{2B21A206-EC75-4458-9A20-0A9A503DC705} = {2A70429C-3396-4723-8E25-F5950C3AB3C8}
		{4F40580A-1F7F-4C4A-A6AA-C3166A98F2FC} = {2B21A206-EC75-4458-9A20-0A9A503DC705}
		{4EAF6194-CE31-4F44-8AEA-68D457B2D8DA} = {2B21A206-EC75-4458-9A20-0A9A503DC705}
		{28259943-FB08-4F71-89E0-A84E1ACE4643} = {2B21A206-EC75-4458-9A20-0A9A503DC705}
		{7228A599-2958-4539-B7B3-ABCB5F0C172F} = {2A70429C-3396-4723-8E25-F5950C3AB3C8}
		{175DA46B-F1B1-4A41-8C6C-7FBF73232CC8} = {7228A599-2958-4539-B7B3-ABCB5F0C172F}
		{F56B3A95-2148-4942-99AC-74E71C05AB4C} = {E6BFBA5E-B429-4F40-8BAB-67C8F25BB900}
		{CACD0FD5-944D-4925-9F1B-0126E7F2F234} = {7BC2965C-7D1C-43C2-AD2B-1AD1B7B69B47}
		{58E02FF5-4CA8-4608-9EAF-E48A427E2463} = {7BC2965C-7D1C-43C2-AD2B-1AD1B7B69B47}
	EndGlobalSection
	GlobalSection(ExtensibilityGlobals) = postSolution
		SolutionGuid = {EAA39664-2B9F-4786-9FB4-5A29B8504F76}
	EndGlobalSection
EndGlobal
